lockfileVersion: '6.0'

settings:
  autoInstallPeers: true
  excludeLinksFromLockfile: false

dependencies:
  '@vee-validate/rules':
    specifier: ^4.12.5
    version: 4.12.5(vue@3.4.18)
  firebase:
    specifier: ^10.9.0
    version: 10.9.0
  vee-validate:
    specifier: ^4.12.5
    version: 4.12.5(vue@3.4.18)

packages:

  /@babel/helper-string-parser@7.23.4:
    resolution: {integrity: sha512-803gmbQdqwdf4olxrX4AJyFBV/RTr3rSmOj0rKwesmzlfhYNDEs+/iOcznzpNWlJlIlTJC2QfPFcHB6DlzdVLQ==}
    engines: {node: '>=6.9.0'}
    dev: false

  /@babel/helper-validator-identifier@7.22.20:
    resolution: {integrity: sha512-Y4OZ+ytlatR8AI+8KZfKuL5urKp7qey08ha31L8b3BwewJAoJamTzyvxPR/5D+KkdJCGPq/+8TukHBlY10FX9A==}
    engines: {node: '>=6.9.0'}
    dev: false

  /@babel/parser@7.23.9:
    resolution: {integrity: sha512-9tcKgqKbs3xGJ+NtKF2ndOBBLVwPjl1SHxPQkd36r3Dlirw3xWUeGaTbqr7uGZcTaxkVNwc+03SVP7aCdWrTlA==}
    engines: {node: '>=6.0.0'}
    hasBin: true
    dependencies:
      '@babel/types': 7.23.9
    dev: false

  /@babel/types@7.23.9:
    resolution: {integrity: sha512-dQjSq/7HaSjRM43FFGnv5keM2HsxpmyV1PfaSVm0nzzjwwTmjOe6J4bC8e3+pTEIgHaHj+1ZlLThRJ2auc/w1Q==}
    engines: {node: '>=6.9.0'}
    dependencies:
      '@babel/helper-string-parser': 7.23.4
      '@babel/helper-validator-identifier': 7.22.20
      to-fast-properties: 2.0.0
    dev: false

  /@fastify/busboy@2.1.1:
    resolution: {integrity: sha512-vBZP4NlzfOlerQTnba4aqZoMhE/a9HY7HRqoOPaETQcSQuWEIyZMHGfVu6w9wGtGK5fED5qRs2DteVCjOH60sA==}
    engines: {node: '>=14'}
    dev: false

  /@firebase/analytics-compat@0.2.7(@firebase/app-compat@0.2.29)(@firebase/app@0.9.29):
    resolution: {integrity: sha512-17VCly4P0VFBDqaaal7m1nhyYQwsygtaTpSsnc51sFPRrr9XIYtnD8ficon9fneEGEoJQ2g7OtASvhwX9EbK8g==}
    peerDependencies:
      '@firebase/app-compat': 0.x
    dependencies:
      '@firebase/analytics': 0.10.1(@firebase/app@0.9.29)
      '@firebase/analytics-types': 0.8.0
      '@firebase/app-compat': 0.2.29
      '@firebase/component': 0.6.5
      '@firebase/util': 1.9.4
      tslib: 2.6.2
    transitivePeerDependencies:
      - '@firebase/app'
    dev: false

  /@firebase/analytics-types@0.8.0:
    resolution: {integrity: sha512-iRP+QKI2+oz3UAh4nPEq14CsEjrjD6a5+fuypjScisAh9kXKFvdJOZJDwk7kikLvWVLGEs9+kIUS4LPQV7VZVw==}
    dev: false

  /@firebase/analytics@0.10.1(@firebase/app@0.9.29):
    resolution: {integrity: sha512-5mnH1aQa99J5lZMJwTNzIoRc4yGXHf+fOn+EoEWhCDA3XGPweGHcylCbqq+G1wVJmfILL57fohDMa8ftMZ+44g==}
    peerDependencies:
      '@firebase/app': 0.x
    dependencies:
      '@firebase/app': 0.9.29
      '@firebase/component': 0.6.5
      '@firebase/installations': 0.6.5(@firebase/app@0.9.29)
      '@firebase/logger': 0.4.0
      '@firebase/util': 1.9.4
      tslib: 2.6.2
    dev: false

  /@firebase/app-check-compat@0.3.9(@firebase/app-compat@0.2.29)(@firebase/app@0.9.29):
    resolution: {integrity: sha512-7LxyupQ8XeEHRh72mO+tqm69kHT6KbWi2KtFMGedJ6tNbwzFzojcXESMKN8RpADXbYoQgY3loWMJjMx4r2Zt7w==}
    peerDependencies:
      '@firebase/app-compat': 0.x
    dependencies:
      '@firebase/app-check': 0.8.2(@firebase/app@0.9.29)
      '@firebase/app-check-types': 0.5.0
      '@firebase/app-compat': 0.2.29
      '@firebase/component': 0.6.5
      '@firebase/logger': 0.4.0
      '@firebase/util': 1.9.4
      tslib: 2.6.2
    transitivePeerDependencies:
      - '@firebase/app'
    dev: false

  /@firebase/app-check-interop-types@0.3.0:
    resolution: {integrity: sha512-xAxHPZPIgFXnI+vb4sbBjZcde7ZluzPPaSK7Lx3/nmuVk4TjZvnL8ONnkd4ERQKL8WePQySU+pRcWkh8rDf5Sg==}
    dev: false

  /@firebase/app-check-types@0.5.0:
    resolution: {integrity: sha512-uwSUj32Mlubybw7tedRzR24RP8M8JUVR3NPiMk3/Z4bCmgEKTlQBwMXrehDAZ2wF+TsBq0SN1c6ema71U/JPyQ==}
    dev: false

  /@firebase/app-check@0.8.2(@firebase/app@0.9.29):
    resolution: {integrity: sha512-A2B5+ldOguYAeqW1quFN5qNdruSNRrg4W59ag1Eq6QzxuHNIkrE+TrapfrW/z5NYFjCxAYqr/unVCgmk80Dwcg==}
    peerDependencies:
      '@firebase/app': 0.x
    dependencies:
      '@firebase/app': 0.9.29
      '@firebase/component': 0.6.5
      '@firebase/logger': 0.4.0
      '@firebase/util': 1.9.4
      tslib: 2.6.2
    dev: false

  /@firebase/app-compat@0.2.29:
    resolution: {integrity: sha512-NqUdegXJfwphx9i/2bOE2CTZ55TC9bbDg+iwkxVShsPBJhD3CzQJkFhoDz4ccfbJaKZGsqjY3fisgX5kbDROnA==}
    dependencies:
      '@firebase/app': 0.9.29
      '@firebase/component': 0.6.5
      '@firebase/logger': 0.4.0
      '@firebase/util': 1.9.4
      tslib: 2.6.2
    dev: false

  /@firebase/app-types@0.9.0:
    resolution: {integrity: sha512-AeweANOIo0Mb8GiYm3xhTEBVCmPwTYAu9Hcd2qSkLuga/6+j9b1Jskl5bpiSQWy9eJ/j5pavxj6eYogmnuzm+Q==}
    dev: false

  /@firebase/app@0.9.29:
    resolution: {integrity: sha512-HbKTjfmILklasIu/ij6zKnFf3SgLYXkBDVN7leJfVGmohl+zA7Ig+eXM1ZkT1pyBJ8FTYR+mlOJer/lNEnUCtw==}
    dependencies:
      '@firebase/component': 0.6.5
      '@firebase/logger': 0.4.0
      '@firebase/util': 1.9.4
      idb: 7.1.1
      tslib: 2.6.2
    dev: false

  /@firebase/auth-compat@0.5.4(@firebase/app-compat@0.2.29)(@firebase/app-types@0.9.0)(@firebase/app@0.9.29):
    resolution: {integrity: sha512-EtRVW9s0YsuJv3GnOGDoLUW3Pp9f3HcqWA2WK92E30Qa0FEVRwCSRLVQwn9td+SLVY3AP9gi/auC1q3osd4yCg==}
    peerDependencies:
      '@firebase/app-compat': 0.x
    dependencies:
      '@firebase/app-compat': 0.2.29
      '@firebase/auth': 1.6.2(@firebase/app@0.9.29)
      '@firebase/auth-types': 0.12.0(@firebase/app-types@0.9.0)(@firebase/util@1.9.4)
      '@firebase/component': 0.6.5
      '@firebase/util': 1.9.4
      tslib: 2.6.2
      undici: 5.28.3
    transitivePeerDependencies:
      - '@firebase/app'
      - '@firebase/app-types'
      - '@react-native-async-storage/async-storage'
    dev: false

  /@firebase/auth-interop-types@0.2.1:
    resolution: {integrity: sha512-VOaGzKp65MY6P5FI84TfYKBXEPi6LmOCSMMzys6o2BN2LOsqy7pCuZCup7NYnfbk5OkkQKzvIfHOzTm0UDpkyg==}
    dev: false

  /@firebase/auth-types@0.12.0(@firebase/app-types@0.9.0)(@firebase/util@1.9.4):
    resolution: {integrity: sha512-pPwaZt+SPOshK8xNoiQlK5XIrS97kFYc3Rc7xmy373QsOJ9MmqXxLaYssP5Kcds4wd2qK//amx/c+A8O2fVeZA==}
    peerDependencies:
      '@firebase/app-types': 0.x
      '@firebase/util': 1.x
    dependencies:
      '@firebase/app-types': 0.9.0
      '@firebase/util': 1.9.4
    dev: false

  /@firebase/auth@1.6.2(@firebase/app@0.9.29):
    resolution: {integrity: sha512-BFo/Nj1AAbKLbFiUyXCcnT/bSqMJicFOgdTAKzlXvCul7+eUE29vWmzd1g59O3iKAxvv3+fbQYjQVJpNTTHIyw==}
    peerDependencies:
      '@firebase/app': 0.x
      '@react-native-async-storage/async-storage': ^1.18.1
    peerDependenciesMeta:
      '@react-native-async-storage/async-storage':
        optional: true
    dependencies:
      '@firebase/app': 0.9.29
      '@firebase/component': 0.6.5
      '@firebase/logger': 0.4.0
      '@firebase/util': 1.9.4
      tslib: 2.6.2
      undici: 5.28.3
    dev: false

  /@firebase/component@0.6.5:
    resolution: {integrity: sha512-2tVDk1ixi12sbDmmfITK8lxSjmcb73BMF6Qwc3U44hN/J1Fi1QY/Hnnb6klFlbB9/G16a3J3d4nXykye2EADTw==}
    dependencies:
      '@firebase/util': 1.9.4
      tslib: 2.6.2
    dev: false

  /@firebase/database-compat@1.0.3:
    resolution: {integrity: sha512-7tHEOcMbK5jJzHWyphPux4osogH/adWwncxdMxdBpB9g1DNIyY4dcz1oJdlkXGM/i/AjUBesZsd5CuwTRTBNTw==}
    dependencies:
      '@firebase/component': 0.6.5
      '@firebase/database': 1.0.3
      '@firebase/database-types': 1.0.1
      '@firebase/logger': 0.4.0
      '@firebase/util': 1.9.4
      tslib: 2.6.2
    dev: false

  /@firebase/database-types@1.0.1:
    resolution: {integrity: sha512-Tmcmx5XgiI7UVF/4oGg2P3AOTfq3WKEPsm2yf+uXtN7uG/a4WTWhVMrXGYRY2ZUL1xPxv9V33wQRJ+CcrUhVXw==}
    dependencies:
      '@firebase/app-types': 0.9.0
      '@firebase/util': 1.9.4
    dev: false

  /@firebase/database@1.0.3:
    resolution: {integrity: sha512-9fjqLt9JzL46gw9+NRqsgQEMjgRwfd8XtzcKqG+UYyhVeFCdVRQ0Wp6Dw/dvYHnbH5vNEKzNv36dcB4p+PIAAA==}
    dependencies:
      '@firebase/app-check-interop-types': 0.3.0
      '@firebase/auth-interop-types': 0.2.1
      '@firebase/component': 0.6.5
      '@firebase/logger': 0.4.0
      '@firebase/util': 1.9.4
      faye-websocket: 0.11.4
      tslib: 2.6.2
    dev: false

  /@firebase/firestore-compat@0.3.27(@firebase/app-compat@0.2.29)(@firebase/app-types@0.9.0)(@firebase/app@0.9.29):
    resolution: {integrity: sha512-gY2q0fCDJvPg/IurZQbBM7MIVjxA1/LsvfgFOubUTrex5KTY9qm4/2V2R79eAs8Q+b4B8soDtlEjk6L8BW1Crw==}
    peerDependencies:
      '@firebase/app-compat': 0.x
    dependencies:
      '@firebase/app-compat': 0.2.29
      '@firebase/component': 0.6.5
      '@firebase/firestore': 4.5.0(@firebase/app@0.9.29)
      '@firebase/firestore-types': 3.0.0(@firebase/app-types@0.9.0)(@firebase/util@1.9.4)
      '@firebase/util': 1.9.4
      tslib: 2.6.2
    transitivePeerDependencies:
      - '@firebase/app'
      - '@firebase/app-types'
    dev: false

  /@firebase/firestore-types@3.0.0(@firebase/app-types@0.9.0)(@firebase/util@1.9.4):
    resolution: {integrity: sha512-Meg4cIezHo9zLamw0ymFYBD4SMjLb+ZXIbuN7T7ddXN6MGoICmOTq3/ltdCGoDCS2u+H1XJs2u/cYp75jsX9Qw==}
    peerDependencies:
      '@firebase/app-types': 0.x
      '@firebase/util': 1.x
    dependencies:
      '@firebase/app-types': 0.9.0
      '@firebase/util': 1.9.4
    dev: false

  /@firebase/firestore@4.5.0(@firebase/app@0.9.29):
    resolution: {integrity: sha512-rXS6v4HbsN6vZQlq2fLW1ZHb+J5SnS+8Zqb/McbKFIrGYjPUZo5CyO75mkgtlR1tCYAwCebaqoEWb6JHgZv/ww==}
    engines: {node: '>=10.10.0'}
    peerDependencies:
      '@firebase/app': 0.x
    dependencies:
      '@firebase/app': 0.9.29
      '@firebase/component': 0.6.5
      '@firebase/logger': 0.4.0
      '@firebase/util': 1.9.4
      '@firebase/webchannel-wrapper': 0.10.5
      '@grpc/grpc-js': 1.9.14
      '@grpc/proto-loader': 0.7.10
      tslib: 2.6.2
      undici: 5.28.3
    dev: false

  /@firebase/functions-compat@0.3.8(@firebase/app-compat@0.2.29)(@firebase/app@0.9.29):
    resolution: {integrity: sha512-VDHSw6UOu8RxfgAY/q8e+Jn+9Fh60Fc28yck0yfMsi2e0BiWgonIMWkFspFGGLgOJebTHl+hc+9v91rhzU6xlg==}
    peerDependencies:
      '@firebase/app-compat': 0.x
    dependencies:
      '@firebase/app-compat': 0.2.29
      '@firebase/component': 0.6.5
      '@firebase/functions': 0.11.2(@firebase/app@0.9.29)
      '@firebase/functions-types': 0.6.0
      '@firebase/util': 1.9.4
      tslib: 2.6.2
    transitivePeerDependencies:
      - '@firebase/app'
    dev: false

  /@firebase/functions-types@0.6.0:
    resolution: {integrity: sha512-hfEw5VJtgWXIRf92ImLkgENqpL6IWpYaXVYiRkFY1jJ9+6tIhWM7IzzwbevwIIud/jaxKVdRzD7QBWfPmkwCYw==}
    dev: false

  /@firebase/functions@0.11.2(@firebase/app@0.9.29):
    resolution: {integrity: sha512-2NULTYOZbu0rXczwfYdqQH0w1FmmYrKjTy1YPQSHLCAkMBdfewoKmVm4Lyo2vRn0H9ZndciLY7NszKDFt9MKCQ==}
    peerDependencies:
      '@firebase/app': 0.x
    dependencies:
      '@firebase/app': 0.9.29
      '@firebase/app-check-interop-types': 0.3.0
      '@firebase/auth-interop-types': 0.2.1
      '@firebase/component': 0.6.5
      '@firebase/messaging-interop-types': 0.2.0
      '@firebase/util': 1.9.4
      tslib: 2.6.2
      undici: 5.28.3
    dev: false

  /@firebase/installations-compat@0.2.5(@firebase/app-compat@0.2.29)(@firebase/app-types@0.9.0)(@firebase/app@0.9.29):
    resolution: {integrity: sha512-usvoIaog5CHEw082HXLrKAZ1qd4hIC3N/LDe2NqBgI3pkGE/7auLVM4Gn5gvyryp0x8z/IP1+d9fkGUj2OaGLQ==}
    peerDependencies:
      '@firebase/app-compat': 0.x
    dependencies:
      '@firebase/app-compat': 0.2.29
      '@firebase/component': 0.6.5
      '@firebase/installations': 0.6.5(@firebase/app@0.9.29)
      '@firebase/installations-types': 0.5.0(@firebase/app-types@0.9.0)
      '@firebase/util': 1.9.4
      tslib: 2.6.2
    transitivePeerDependencies:
      - '@firebase/app'
      - '@firebase/app-types'
    dev: false

  /@firebase/installations-types@0.5.0(@firebase/app-types@0.9.0):
    resolution: {integrity: sha512-9DP+RGfzoI2jH7gY4SlzqvZ+hr7gYzPODrbzVD82Y12kScZ6ZpRg/i3j6rleto8vTFC8n6Len4560FnV1w2IRg==}
    peerDependencies:
      '@firebase/app-types': 0.x
    dependencies:
      '@firebase/app-types': 0.9.0
    dev: false

  /@firebase/installations@0.6.5(@firebase/app@0.9.29):
    resolution: {integrity: sha512-0xxnQWw8rSRzu0ZOCkZaO+MJ0LkDAfwwTB2Z1SxRK6FAz5xkxD1ZUwM0WbCRni49PKubCrZYOJ6yg7tSjU7AKA==}
    peerDependencies:
      '@firebase/app': 0.x
    dependencies:
      '@firebase/app': 0.9.29
      '@firebase/component': 0.6.5
      '@firebase/util': 1.9.4
      idb: 7.1.1
      tslib: 2.6.2
    dev: false

  /@firebase/logger@0.4.0:
    resolution: {integrity: sha512-eRKSeykumZ5+cJPdxxJRgAC3G5NknY2GwEbKfymdnXtnT0Ucm4pspfR6GT4MUQEDuJwRVbVcSx85kgJulMoFFA==}
    dependencies:
      tslib: 2.6.2
    dev: false

  /@firebase/messaging-compat@0.2.6(@firebase/app-compat@0.2.29)(@firebase/app@0.9.29):
    resolution: {integrity: sha512-Q2xC1s4L7Vpss7P7Gy6GuIS+xmJrf/vm9+gX76IK1Bo1TjoKwleCLHt1LHkPz5Rvqg5pTgzzI8qqPhBpZosFCg==}
    peerDependencies:
      '@firebase/app-compat': 0.x
    dependencies:
      '@firebase/app-compat': 0.2.29
      '@firebase/component': 0.6.5
      '@firebase/messaging': 0.12.6(@firebase/app@0.9.29)
      '@firebase/util': 1.9.4
      tslib: 2.6.2
    transitivePeerDependencies:
      - '@firebase/app'
    dev: false

  /@firebase/messaging-interop-types@0.2.0:
    resolution: {integrity: sha512-ujA8dcRuVeBixGR9CtegfpU4YmZf3Lt7QYkcj693FFannwNuZgfAYaTmbJ40dtjB81SAu6tbFPL9YLNT15KmOQ==}
    dev: false

  /@firebase/messaging@0.12.6(@firebase/app@0.9.29):
    resolution: {integrity: sha512-IORsPp9IPWq4j4yEhTOZ6GAGi3gQwGc+4yexmTAlya+qeBRSdRnJg2iIU/aj+tcKDQYr9RQuQPgHHOdFIx//vA==}
    peerDependencies:
      '@firebase/app': 0.x
    dependencies:
      '@firebase/app': 0.9.29
      '@firebase/component': 0.6.5
      '@firebase/installations': 0.6.5(@firebase/app@0.9.29)
      '@firebase/messaging-interop-types': 0.2.0
      '@firebase/util': 1.9.4
      idb: 7.1.1
      tslib: 2.6.2
    dev: false

  /@firebase/performance-compat@0.2.5(@firebase/app-compat@0.2.29)(@firebase/app@0.9.29):
    resolution: {integrity: sha512-jJwJkVyDcIMBaVGrZ6CRGs4m5FCZsWB5QCWYI3FdsHyIa9/TfteNDilxj9wGciF2naFIHDW7TgE69U5dAH9Ktg==}
    peerDependencies:
      '@firebase/app-compat': 0.x
    dependencies:
      '@firebase/app-compat': 0.2.29
      '@firebase/component': 0.6.5
      '@firebase/logger': 0.4.0
      '@firebase/performance': 0.6.5(@firebase/app@0.9.29)
      '@firebase/performance-types': 0.2.0
      '@firebase/util': 1.9.4
      tslib: 2.6.2
    transitivePeerDependencies:
      - '@firebase/app'
    dev: false

  /@firebase/performance-types@0.2.0:
    resolution: {integrity: sha512-kYrbr8e/CYr1KLrLYZZt2noNnf+pRwDq2KK9Au9jHrBMnb0/C9X9yWSXmZkFt4UIdsQknBq8uBB7fsybZdOBTA==}
    dev: false

  /@firebase/performance@0.6.5(@firebase/app@0.9.29):
    resolution: {integrity: sha512-OzAGcWhOqEFH9GdwUuY0oC5FSlnMejcnmSAhR+EjpI7exdDvixyLyCR4txjSHYNTbumrFBG+EP8GO11CNXRaJA==}
    peerDependencies:
      '@firebase/app': 0.x
    dependencies:
      '@firebase/app': 0.9.29
      '@firebase/component': 0.6.5
      '@firebase/installations': 0.6.5(@firebase/app@0.9.29)
      '@firebase/logger': 0.4.0
      '@firebase/util': 1.9.4
      tslib: 2.6.2
    dev: false

  /@firebase/remote-config-compat@0.2.5(@firebase/app-compat@0.2.29)(@firebase/app@0.9.29):
    resolution: {integrity: sha512-ImkNnLuGrD/bylBHDJigSY6LMwRrwt37wQbsGZhWG4QQ6KLzHzSf0nnFRRFvkOZodEUE57Ib8l74d6Yn/6TDUQ==}
    peerDependencies:
      '@firebase/app-compat': 0.x
    dependencies:
      '@firebase/app-compat': 0.2.29
      '@firebase/component': 0.6.5
      '@firebase/logger': 0.4.0
      '@firebase/remote-config': 0.4.5(@firebase/app@0.9.29)
      '@firebase/remote-config-types': 0.3.0
      '@firebase/util': 1.9.4
      tslib: 2.6.2
    transitivePeerDependencies:
      - '@firebase/app'
    dev: false

  /@firebase/remote-config-types@0.3.0:
    resolution: {integrity: sha512-RtEH4vdcbXZuZWRZbIRmQVBNsE7VDQpet2qFvq6vwKLBIQRQR5Kh58M4ok3A3US8Sr3rubYnaGqZSurCwI8uMA==}
    dev: false

  /@firebase/remote-config@0.4.5(@firebase/app@0.9.29):
    resolution: {integrity: sha512-rGLqc/4OmxrS39RA9kgwa6JmgWytQuMo+B8pFhmGp3d++x2Hf9j+MLQfhOLyyUo64fNw20J19mLXhrXvKHsjZQ==}
    peerDependencies:
      '@firebase/app': 0.x
    dependencies:
      '@firebase/app': 0.9.29
      '@firebase/component': 0.6.5
      '@firebase/installations': 0.6.5(@firebase/app@0.9.29)
      '@firebase/logger': 0.4.0
      '@firebase/util': 1.9.4
      tslib: 2.6.2
    dev: false

  /@firebase/storage-compat@0.3.5(@firebase/app-compat@0.2.29)(@firebase/app-types@0.9.0)(@firebase/app@0.9.29):
    resolution: {integrity: sha512-5dJXfY5NxCF5NAk4dLvJqC+m6cgcf0Fr29nrMHwhwI34pBheQq2PdRZqALsqZCES9dnHTuFNlqGQDpLr+Ph4rw==}
    peerDependencies:
      '@firebase/app-compat': 0.x
    dependencies:
      '@firebase/app-compat': 0.2.29
      '@firebase/component': 0.6.5
      '@firebase/storage': 0.12.2(@firebase/app@0.9.29)
      '@firebase/storage-types': 0.8.0(@firebase/app-types@0.9.0)(@firebase/util@1.9.4)
      '@firebase/util': 1.9.4
      tslib: 2.6.2
    transitivePeerDependencies:
      - '@firebase/app'
      - '@firebase/app-types'
    dev: false

  /@firebase/storage-types@0.8.0(@firebase/app-types@0.9.0)(@firebase/util@1.9.4):
    resolution: {integrity: sha512-isRHcGrTs9kITJC0AVehHfpraWFui39MPaU7Eo8QfWlqW7YPymBmRgjDrlOgFdURh6Cdeg07zmkLP5tzTKRSpg==}
    peerDependencies:
      '@firebase/app-types': 0.x
      '@firebase/util': 1.x
    dependencies:
      '@firebase/app-types': 0.9.0
      '@firebase/util': 1.9.4
    dev: false

  /@firebase/storage@0.12.2(@firebase/app@0.9.29):
    resolution: {integrity: sha512-MzanOBcxDx9oOwDaDPMuiYxd6CxcN1xZm+os5uNE3C1itbRKLhM9rzpODDKWzcbnHHFtXk3Q3lsK/d3Xa1WYYw==}
    peerDependencies:
      '@firebase/app': 0.x
    dependencies:
      '@firebase/app': 0.9.29
      '@firebase/component': 0.6.5
      '@firebase/util': 1.9.4
      tslib: 2.6.2
      undici: 5.28.3
    dev: false

  /@firebase/util@1.9.4:
    resolution: {integrity: sha512-WLonYmS1FGHT97TsUmRN3qnTh5TeeoJp1Gg5fithzuAgdZOUtsYECfy7/noQ3llaguios8r5BuXSEiK82+UrxQ==}
    dependencies:
      tslib: 2.6.2
    dev: false

  /@firebase/webchannel-wrapper@0.10.5:
    resolution: {integrity: sha512-eSkJsnhBWv5kCTSU1tSUVl9mpFu+5NXXunZc83le8GMjMlsWwQArSc7cJJ4yl+aDFY0NGLi0AjZWMn1axOrkRg==}
    dev: false

  /@grpc/grpc-js@1.9.14:
    resolution: {integrity: sha512-nOpuzZ2G3IuMFN+UPPpKrC6NsLmWsTqSsm66IRfnBt1D4pwTqE27lmbpcPM+l2Ua4gE7PfjRHI6uedAy7hoXUw==}
    engines: {node: ^8.13.0 || >=10.10.0}
    dependencies:
      '@grpc/proto-loader': 0.7.10
      '@types/node': 20.11.30
    dev: false

  /@grpc/proto-loader@0.7.10:
    resolution: {integrity: sha512-CAqDfoaQ8ykFd9zqBDn4k6iWT9loLAlc2ETmDFS9JCD70gDcnA4L3AFEo2iV7KyAtAAHFW9ftq1Fz+Vsgq80RQ==}
    engines: {node: '>=6'}
    hasBin: true
    dependencies:
      lodash.camelcase: 4.3.0
      long: 5.2.3
      protobufjs: 7.2.6
      yargs: 17.7.2
    dev: false

  /@jridgewell/sourcemap-codec@1.4.15:
    resolution: {integrity: sha512-eF2rxCRulEKXHTRiDrDy6erMYWqNw4LPdQ8UQA4huuxaQsVeRPFl2oM8oDGxMFhJUWZf9McpLtJasDDZb/Bpeg==}
    dev: false

  /@protobufjs/aspromise@1.1.2:
    resolution: {integrity: sha512-j+gKExEuLmKwvz3OgROXtrJ2UG2x8Ch2YZUxahh+s1F2HZ+wAceUNLkvy6zKCPVRkU++ZWQrdxsUeQXmcg4uoQ==}
    dev: false

  /@protobufjs/base64@1.1.2:
    resolution: {integrity: sha512-AZkcAA5vnN/v4PDqKyMR5lx7hZttPDgClv83E//FMNhR2TMcLUhfRUBHCmSl0oi9zMgDDqRUJkSxO3wm85+XLg==}
    dev: false

  /@protobufjs/codegen@2.0.4:
    resolution: {integrity: sha512-YyFaikqM5sH0ziFZCN3xDC7zeGaB/d0IUb9CATugHWbd1FRFwWwt4ld4OYMPWu5a3Xe01mGAULCdqhMlPl29Jg==}
    dev: false

  /@protobufjs/eventemitter@1.1.0:
    resolution: {integrity: sha512-j9ednRT81vYJ9OfVuXG6ERSTdEL1xVsNgqpkxMsbIabzSo3goCjDIveeGv5d03om39ML71RdmrGNjG5SReBP/Q==}
    dev: false

  /@protobufjs/fetch@1.1.0:
    resolution: {integrity: sha512-lljVXpqXebpsijW71PZaCYeIcE5on1w5DlQy5WH6GLbFryLUrBD4932W/E2BSpfRJWseIL4v/KPgBFxDOIdKpQ==}
    dependencies:
      '@protobufjs/aspromise': 1.1.2
      '@protobufjs/inquire': 1.1.0
    dev: false

  /@protobufjs/float@1.0.2:
    resolution: {integrity: sha512-Ddb+kVXlXst9d+R9PfTIxh1EdNkgoRe5tOX6t01f1lYWOvJnSPDBlG241QLzcyPdoNTsblLUdujGSE4RzrTZGQ==}
    dev: false

  /@protobufjs/inquire@1.1.0:
    resolution: {integrity: sha512-kdSefcPdruJiFMVSbn801t4vFK7KB/5gd2fYvrxhuJYg8ILrmn9SKSX2tZdV6V+ksulWqS7aXjBcRXl3wHoD9Q==}
    dev: false

  /@protobufjs/path@1.1.2:
    resolution: {integrity: sha512-6JOcJ5Tm08dOHAbdR3GrvP+yUUfkjG5ePsHYczMFLq3ZmMkAD98cDgcT2iA1lJ9NVwFd4tH/iSSoe44YWkltEA==}
    dev: false

  /@protobufjs/pool@1.1.0:
    resolution: {integrity: sha512-0kELaGSIDBKvcgS4zkjz1PeddatrjYcmMWOlAuAPwAeccUrPHdUqo/J6LiymHHEiJT5NrF1UVwxY14f+fy4WQw==}
    dev: false

  /@protobufjs/utf8@1.1.0:
    resolution: {integrity: sha512-Vvn3zZrhQZkkBE8LSuW3em98c0FwgO4nxzv6OdSxPKJIEKY2bGbHn+mhGIPerzI4twdxaP8/0+06HBpwf345Lw==}
    dev: false

  /@types/node@20.11.30:
    resolution: {integrity: sha512-dHM6ZxwlmuZaRmUPfv1p+KrdD1Dci04FbdEm/9wEMouFqxYoFl5aMkt0VMAUtYRQDyYvD41WJLukhq/ha3YuTw==}
    dependencies:
      undici-types: 5.26.5
    dev: false

  /@vee-validate/rules@4.12.5(vue@3.4.18):
    resolution: {integrity: sha512-4+dBvPOqMbr2b+wBYeDOfLg6eIEdU2iubhgcu71JZTljh1PDB3hI0s4Qsoo3k8hvUQsyDOaVDgorfXPWZlub1A==}
    dependencies:
      vee-validate: 4.12.5(vue@3.4.18)
    transitivePeerDependencies:
      - vue
    dev: false

  /@vue/compiler-core@3.4.18:
    resolution: {integrity: sha512-F7YK8lMK0iv6b9/Gdk15A67wM0KKZvxDxed0RR60C1z9tIJTKta+urs4j0RTN5XqHISzI3etN3mX0uHhjmoqjQ==}
    dependencies:
      '@babel/parser': 7.23.9
      '@vue/shared': 3.4.18
      entities: 4.5.0
      estree-walker: 2.0.2
      source-map-js: 1.0.2
    dev: false

  /@vue/compiler-dom@3.4.18:
    resolution: {integrity: sha512-24Eb8lcMfInefvQ6YlEVS18w5Q66f4+uXWVA+yb7praKbyjHRNuKVWGuinfSSjM0ZIiPi++QWukhkgznBaqpEA==}
    dependencies:
      '@vue/compiler-core': 3.4.18
      '@vue/shared': 3.4.18
    dev: false

  /@vue/compiler-sfc@3.4.18:
    resolution: {integrity: sha512-rG5tqtnzwrVpMqAQ7FHtvHaV70G6LLfJIWLYZB/jZ9m/hrnZmIQh+H3ewnC5onwe/ibljm9+ZupxeElzqCkTAw==}
    dependencies:
      '@babel/parser': 7.23.9
      '@vue/compiler-core': 3.4.18
      '@vue/compiler-dom': 3.4.18
      '@vue/compiler-ssr': 3.4.18
      '@vue/shared': 3.4.18
      estree-walker: 2.0.2
      magic-string: 0.30.7
      postcss: 8.4.35
      source-map-js: 1.0.2
    dev: false

  /@vue/compiler-ssr@3.4.18:
    resolution: {integrity: sha512-hSlv20oUhPxo2UYUacHgGaxtqP0tvFo6ixxxD6JlXIkwzwoZ9eKK6PFQN4hNK/R13JlNyldwWt/fqGBKgWJ6nQ==}
    dependencies:
      '@vue/compiler-dom': 3.4.18
      '@vue/shared': 3.4.18
    dev: false

  /@vue/devtools-api@6.5.1:
    resolution: {integrity: sha512-+KpckaAQyfbvshdDW5xQylLni1asvNSGme1JFs8I1+/H5pHEhqUKMEQD/qn3Nx5+/nycBq11qAEi8lk+LXI2dA==}
    dev: false

  /@vue/reactivity@3.4.18:
    resolution: {integrity: sha512-7uda2/I0jpLiRygprDo5Jxs2HJkOVXcOMlyVlY54yRLxoycBpwGJRwJT9EdGB4adnoqJDXVT2BilUAYwI7qvmg==}
    dependencies:
      '@vue/shared': 3.4.18
    dev: false

  /@vue/runtime-core@3.4.18:
    resolution: {integrity: sha512-7mU9diCa+4e+8/wZ7Udw5pwTH10A11sZ1nldmHOUKJnzCwvZxfJqAtw31mIf4T5H2FsLCSBQT3xgioA9vIjyDQ==}
    dependencies:
      '@vue/reactivity': 3.4.18
      '@vue/shared': 3.4.18
    dev: false

  /@vue/runtime-dom@3.4.18:
    resolution: {integrity: sha512-2y1Mkzcw1niSfG7z3Qx+2ir9Gb4hdTkZe5p/I8x1aTIKQE0vY0tPAEUPhZm5tx6183gG3D/KwHG728UR0sIufA==}
    dependencies:
      '@vue/runtime-core': 3.4.18
      '@vue/shared': 3.4.18
      csstype: 3.1.3
    dev: false

  /@vue/server-renderer@3.4.18(vue@3.4.18):
    resolution: {integrity: sha512-YJd1wa7mzUN3NRqLEsrwEYWyO+PUBSROIGlCc3J/cvn7Zu6CxhNLgXa8Z4zZ5ja5/nviYO79J1InoPeXgwBTZA==}
    peerDependencies:
      vue: 3.4.18
    dependencies:
      '@vue/compiler-ssr': 3.4.18
      '@vue/shared': 3.4.18
      vue: 3.4.18
    dev: false

  /@vue/shared@3.4.18:
    resolution: {integrity: sha512-CxouGFxxaW5r1WbrSmWwck3No58rApXgRSBxrqgnY1K+jk20F6DrXJkHdH9n4HVT+/B6G2CAn213Uq3npWiy8Q==}
    dev: false

  /ansi-regex@5.0.1:
    resolution: {integrity: sha512-quJQXlTSUGL2LH9SUXo8VwsY4soanhgo6LNSm84E1LBcE8s3O0wpdiRzyR9z/ZZJMlMWv37qOOb9pdJlMUEKFQ==}
    engines: {node: '>=8'}
    dev: false

  /ansi-styles@4.3.0:
    resolution: {integrity: sha512-zbB9rCJAT1rbjiVDb2hqKFHNYLxgtk8NURxZ3IZwD3F6NtxbXZQCnnSi1Lkx+IDohdPlFp222wVALIheZJQSEg==}
    engines: {node: '>=8'}
    dependencies:
      color-convert: 2.0.1
    dev: false

  /cliui@8.0.1:
    resolution: {integrity: sha512-BSeNnyus75C4//NQ9gQt1/csTXyo/8Sb+afLAkzAptFuMsod9HFokGNudZpi/oQV73hnVK+sR+5PVRMd+Dr7YQ==}
    engines: {node: '>=12'}
    dependencies:
      string-width: 4.2.3
      strip-ansi: 6.0.1
      wrap-ansi: 7.0.0
    dev: false

  /color-convert@2.0.1:
    resolution: {integrity: sha512-RRECPsj7iu/xb5oKYcsFHSppFNnsj/52OVTRKb4zP5onXwVF3zVmmToNcOfGC+CRDpfK/U584fMg38ZHCaElKQ==}
    engines: {node: '>=7.0.0'}
    dependencies:
      color-name: 1.1.4
    dev: false

  /color-name@1.1.4:
    resolution: {integrity: sha512-dOy+3AuW3a2wNbZHIuMZpTcgjGuLU/uBL/ubcZF9OXbDo8ff4O8yVp5Bf0efS8uEoYo5q4Fx7dY9OgQGXgAsQA==}
    dev: false

  /csstype@3.1.3:
    resolution: {integrity: sha512-M1uQkMl8rQK/szD0LNhtqxIPLpimGm8sOBwU7lLnCpSbTyY3yeU1Vc7l4KT5zT4s/yOxHH5O7tIuuLOCnLADRw==}
    dev: false

  /emoji-regex@8.0.0:
    resolution: {integrity: sha512-MSjYzcWNOA0ewAHpz0MxpYFvwg6yjy1NG3xteoqz644VCo/RPgnr1/GGt+ic3iJTzQ8Eu3TdM14SawnVUmGE6A==}
    dev: false

  /entities@4.5.0:
    resolution: {integrity: sha512-V0hjH4dGPh9Ao5p0MoRY6BVqtwCjhz6vI5LT8AJ55H+4g9/4vbHx1I54fS0XuclLhDHArPQCiMjDxjaL8fPxhw==}
    engines: {node: '>=0.12'}
    dev: false

  /escalade@3.1.2:
    resolution: {integrity: sha512-ErCHMCae19vR8vQGe50xIsVomy19rg6gFu3+r3jkEO46suLMWBksvVyoGgQV+jOfl84ZSOSlmv6Gxa89PmTGmA==}
    engines: {node: '>=6'}
    dev: false

  /estree-walker@2.0.2:
    resolution: {integrity: sha512-Rfkk/Mp/DL7JVje3u18FxFujQlTNR2q6QfMSMB7AvCBx91NGj/ba3kCfza0f6dVDbw7YlRf/nDrn7pQrCCyQ/w==}
    dev: false

  /faye-websocket@0.11.4:
    resolution: {integrity: sha512-CzbClwlXAuiRQAlUyfqPgvPoNKTckTPGfwZV4ZdAhVcP2lh9KUxJg2b5GkE7XbjKQ3YJnQ9z6D9ntLAlB+tP8g==}
    engines: {node: '>=0.8.0'}
    dependencies:
      websocket-driver: 0.7.4
    dev: false

  /firebase@10.9.0:
    resolution: {integrity: sha512-R8rDU3mg2dq0uPOoZ5Nc3BeZTbXxBPJS8HcZLtnV0f5/YrmpNsHngzmMHRVB+91T+ViJGVL/42dV23gS9w9ccw==}
    dependencies:
      '@firebase/analytics': 0.10.1(@firebase/app@0.9.29)
      '@firebase/analytics-compat': 0.2.7(@firebase/app-compat@0.2.29)(@firebase/app@0.9.29)
      '@firebase/app': 0.9.29
      '@firebase/app-check': 0.8.2(@firebase/app@0.9.29)
      '@firebase/app-check-compat': 0.3.9(@firebase/app-compat@0.2.29)(@firebase/app@0.9.29)
      '@firebase/app-compat': 0.2.29
      '@firebase/app-types': 0.9.0
      '@firebase/auth': 1.6.2(@firebase/app@0.9.29)
      '@firebase/auth-compat': 0.5.4(@firebase/app-compat@0.2.29)(@firebase/app-types@0.9.0)(@firebase/app@0.9.29)
      '@firebase/database': 1.0.3
      '@firebase/database-compat': 1.0.3
      '@firebase/firestore': 4.5.0(@firebase/app@0.9.29)
      '@firebase/firestore-compat': 0.3.27(@firebase/app-compat@0.2.29)(@firebase/app-types@0.9.0)(@firebase/app@0.9.29)
      '@firebase/functions': 0.11.2(@firebase/app@0.9.29)
      '@firebase/functions-compat': 0.3.8(@firebase/app-compat@0.2.29)(@firebase/app@0.9.29)
      '@firebase/installations': 0.6.5(@firebase/app@0.9.29)
      '@firebase/installations-compat': 0.2.5(@firebase/app-compat@0.2.29)(@firebase/app-types@0.9.0)(@firebase/app@0.9.29)
      '@firebase/messaging': 0.12.6(@firebase/app@0.9.29)
      '@firebase/messaging-compat': 0.2.6(@firebase/app-compat@0.2.29)(@firebase/app@0.9.29)
      '@firebase/performance': 0.6.5(@firebase/app@0.9.29)
      '@firebase/performance-compat': 0.2.5(@firebase/app-compat@0.2.29)(@firebase/app@0.9.29)
      '@firebase/remote-config': 0.4.5(@firebase/app@0.9.29)
      '@firebase/remote-config-compat': 0.2.5(@firebase/app-compat@0.2.29)(@firebase/app@0.9.29)
      '@firebase/storage': 0.12.2(@firebase/app@0.9.29)
      '@firebase/storage-compat': 0.3.5(@firebase/app-compat@0.2.29)(@firebase/app-types@0.9.0)(@firebase/app@0.9.29)
      '@firebase/util': 1.9.4
    transitivePeerDependencies:
      - '@react-native-async-storage/async-storage'
    dev: false

  /get-caller-file@2.0.5:
    resolution: {integrity: sha512-DyFP3BM/3YHTQOCUL/w0OZHR0lpKeGrxotcHWcqNEdnltqFwXVfhEBQ94eIo34AfQpo0rGki4cyIiftY06h2Fg==}
    engines: {node: 6.* || 8.* || >= 10.*}
    dev: false

  /http-parser-js@0.5.8:
    resolution: {integrity: sha512-SGeBX54F94Wgu5RH3X5jsDtf4eHyRogWX1XGT3b4HuW3tQPM4AaBzoUji/4AAJNXCEOWZ5O0DgZmJw1947gD5Q==}
    dev: false

  /idb@7.1.1:
    resolution: {integrity: sha512-gchesWBzyvGHRO9W8tzUWFDycow5gwjvFKfyV9FF32Y7F50yZMp7mP+T2mJIWFx49zicqyC4uefHM17o6xKIVQ==}
    dev: false

  /is-fullwidth-code-point@3.0.0:
    resolution: {integrity: sha512-zymm5+u+sCsSWyD9qNaejV3DFvhCKclKdizYaJUuHA83RLjb7nSuGnddCHGv0hk+KY7BMAlsWeK4Ueg6EV6XQg==}
    engines: {node: '>=8'}
    dev: false

  /lodash.camelcase@4.3.0:
    resolution: {integrity: sha512-TwuEnCnxbc3rAvhf/LbG7tJUDzhqXyFnv3dtzLOPgCG/hODL7WFnsbwktkD7yUV0RrreP/l1PALq/YSg6VvjlA==}
    dev: false

  /long@5.2.3:
    resolution: {integrity: sha512-lcHwpNoggQTObv5apGNCTdJrO69eHOZMi4BNC+rTLER8iHAqGrUVeLh/irVIM7zTw2bOXA8T6uNPeujwOLg/2Q==}
    dev: false

  /magic-string@0.30.7:
    resolution: {integrity: sha512-8vBuFF/I/+OSLRmdf2wwFCJCz+nSn0m6DPvGH1fS/KiQoSaR+sETbov0eIk9KhEKy8CYqIkIAnbohxT/4H0kuA==}
    engines: {node: '>=12'}
    dependencies:
      '@jridgewell/sourcemap-codec': 1.4.15
    dev: false

  /nanoid@3.3.7:
    resolution: {integrity: sha512-eSRppjcPIatRIMC1U6UngP8XFcz8MQWGQdt1MTBQ7NaAmvXDfvNxbvWV3x2y6CdEUciCSsDHDQZbhYaB8QEo2g==}
    engines: {node: ^10 || ^12 || ^13.7 || ^14 || >=15.0.1}
    hasBin: true
    dev: false

  /picocolors@1.0.0:
    resolution: {integrity: sha512-1fygroTLlHu66zi26VoTDv8yRgm0Fccecssto+MhsZ0D/DGW2sm8E8AjW7NU5VVTRt5GxbeZ5qBuJr+HyLYkjQ==}
    dev: false

  /postcss@8.4.35:
    resolution: {integrity: sha512-u5U8qYpBCpN13BsiEB0CbR1Hhh4Gc0zLFuedrHJKMctHCHAGrMdG0PRM/KErzAL3CU6/eckEtmHNB3x6e3c0vA==}
    engines: {node: ^10 || ^12 || >=14}
    dependencies:
      nanoid: 3.3.7
      picocolors: 1.0.0
      source-map-js: 1.0.2
    dev: false

  /protobufjs@7.2.6:
    resolution: {integrity: sha512-dgJaEDDL6x8ASUZ1YqWciTRrdOuYNzoOf27oHNfdyvKqHr5i0FV7FSLU+aIeFjyFgVxrpTOtQUi0BLLBymZaBw==}
    engines: {node: '>=12.0.0'}
    requiresBuild: true
    dependencies:
      '@protobufjs/aspromise': 1.1.2
      '@protobufjs/base64': 1.1.2
      '@protobufjs/codegen': 2.0.4
      '@protobufjs/eventemitter': 1.1.0
      '@protobufjs/fetch': 1.1.0
      '@protobufjs/float': 1.0.2
      '@protobufjs/inquire': 1.1.0
      '@protobufjs/path': 1.1.2
      '@protobufjs/pool': 1.1.0
      '@protobufjs/utf8': 1.1.0
      '@types/node': 20.11.30
      long: 5.2.3
    dev: false

  /require-directory@2.1.1:
    resolution: {integrity: sha512-fGxEI7+wsG9xrvdjsrlmL22OMTTiHRwAMroiEeMgq8gzoLC/PQr7RsRDSTLUg/bZAZtF+TVIkHc6/4RIKrui+Q==}
    engines: {node: '>=0.10.0'}
    dev: false

  /safe-buffer@5.2.1:
    resolution: {integrity: sha512-rp3So07KcdmmKbGvgaNxQSJr7bGVSVk5S9Eq1F+ppbRo70+YeaDxkw5Dd8NPN+GD6bjnYm2VuPuCXmpuYvmCXQ==}
    dev: false

  /source-map-js@1.0.2:
    resolution: {integrity: sha512-R0XvVJ9WusLiqTCEiGCmICCMplcCkIwwR11mOSD9CR5u+IXYdiseeEuXCVAjS54zqwkLcPNnmU4OeJ6tUrWhDw==}
    engines: {node: '>=0.10.0'}
    dev: false

  /string-width@4.2.3:
    resolution: {integrity: sha512-wKyQRQpjJ0sIp62ErSZdGsjMJWsap5oRNihHhu6G7JVO/9jIB6UyevL+tXuOqrng8j/cxKTWyWUwvSTriiZz/g==}
    engines: {node: '>=8'}
    dependencies:
      emoji-regex: 8.0.0
      is-fullwidth-code-point: 3.0.0
      strip-ansi: 6.0.1
    dev: false

  /strip-ansi@6.0.1:
    resolution: {integrity: sha512-Y38VPSHcqkFrCpFnQ9vuSXmquuv5oXOKpGeT6aGrr3o3Gc9AlVa6JBfUSOCnbxGGZF+/0ooI7KrPuUSztUdU5A==}
    engines: {node: '>=8'}
    dependencies:
      ansi-regex: 5.0.1
    dev: false

  /to-fast-properties@2.0.0:
    resolution: {integrity: sha512-/OaKK0xYrs3DmxRYqL/yDc+FxFUVYhDlXMhRmv3z915w2HF1tnN1omB354j8VUGO/hbRzyD6Y3sA7v7GS/ceog==}
    engines: {node: '>=4'}
    dev: false

  /tslib@2.6.2:
    resolution: {integrity: sha512-AEYxH93jGFPn/a2iVAwW87VuUIkR1FVUKB77NwMF7nBTDkDrrT/Hpt/IrCJ0QXhW27jTBDcf5ZY7w6RiqTMw2Q==}
    dev: false

  /type-fest@4.10.2:
    resolution: {integrity: sha512-anpAG63wSpdEbLwOqH8L84urkL6PiVIov3EMmgIhhThevh9aiMQov+6Btx0wldNcvm4wV+e2/Rt1QdDwKHFbHw==}
    engines: {node: '>=16'}
    dev: false

  /undici-types@5.26.5:
    resolution: {integrity: sha512-JlCMO+ehdEIKqlFxk6IfVoAUVmgz7cU7zD/h9XZ0qzeosSHmUJVOzSQvvYSYWXkFXC+IfLKSIffhv0sVZup6pA==}
    dev: false

  /undici@5.28.3:
    resolution: {integrity: sha512-3ItfzbrhDlINjaP0duwnNsKpDQk3acHI3gVJ1z4fmwMK31k5G9OVIAMLSIaP6w4FaGkaAkN6zaQO9LUvZ1t7VA==}
    engines: {node: '>=14.0'}
    dependencies:
      '@fastify/busboy': 2.1.1
    dev: false

  /vee-validate@4.12.5(vue@3.4.18):
    resolution: {integrity: sha512-rvaDfLPSLwTk+mf016XWE4drB8yXzOsKXiKHTb9gNXNLTtQSZ0Ww26O0/xbIFQe+n3+u8Wv1Y8uO/aLDX4fxOg==}
    peerDependencies:
      vue: ^3.3.11
    dependencies:
      '@vue/devtools-api': 6.5.1
      type-fest: 4.10.2
      vue: 3.4.18
    dev: false

  /vue@3.4.18:
    resolution: {integrity: sha512-0zLRYamFRe0wF4q2L3O24KQzLyLpL64ye1RUToOgOxuWZsb/FhaNRdGmeozdtVYLz6tl94OXLaK7/WQIrVCw1A==}
    peerDependencies:
      typescript: '*'
    peerDependenciesMeta:
      typescript:
        optional: true
    dependencies:
      '@vue/compiler-dom': 3.4.18
      '@vue/compiler-sfc': 3.4.18
      '@vue/runtime-dom': 3.4.18
      '@vue/server-renderer': 3.4.18(vue@3.4.18)
      '@vue/shared': 3.4.18
    dev: false

  /websocket-driver@0.7.4:
    resolution: {integrity: sha512-b17KeDIQVjvb0ssuSDF2cYXSg2iztliJ4B9WdsuB6J952qCPKmnVq4DyW5motImXHDC1cBT/1UezrJVsKw5zjg==}
    engines: {node: '>=0.8.0'}
    dependencies:
      http-parser-js: 0.5.8
      safe-buffer: 5.2.1
      websocket-extensions: 0.1.4
    dev: false

  /websocket-extensions@0.1.4:
    resolution: {integrity: sha512-OqedPIGOfsDlo31UNwYbCFMSaO9m9G/0faIHj5/dZFDMFqPTcx6UwqyOy3COEaEOg/9VsGIpdqn62W5KhoKSpg==}
    engines: {node: '>=0.8.0'}
    dev: false

  /wrap-ansi@7.0.0:
    resolution: {integrity: sha512-YVGIj2kamLSTxw6NsZjoBxfSwsn0ycdesmc4p+Q21c5zPuZ1pl+NfxVdxPtdHvmNVOQ6XSYG4AUtyt/Fi7D16Q==}
    engines: {node: '>=10'}
    dependencies:
      ansi-styles: 4.3.0
      string-width: 4.2.3
      strip-ansi: 6.0.1
    dev: false

  /y18n@5.0.8:
    resolution: {integrity: sha512-0pfFzegeDWJHJIAmTLRP2DwHjdF5s7jo9tuztdQxAhINCdvS+3nGINqPd00AphqJR/0LhANUS6/+7SCb98YOfA==}
    engines: {node: '>=10'}
    dev: false

  /yargs-parser@21.1.1:
    resolution: {integrity: sha512-tVpsJW7DdjecAiFpbIB1e3qxIQsE6NoPc5/eTdrbbIC4h0LVsWhnoa3g+m2HclBIujHzsxZ4VJVA+GUuc2/LBw==}
    engines: {node: '>=12'}
    dev: false

  /yargs@17.7.2:
    resolution: {integrity: sha512-7dSzzRQ++CKnNI/krKnYRV7JKKPUXMEh61soaHKg9mrWEhzFWhFnxPxGl+69cD1Ou63C13NUPCnmIcrvqCuM6w==}
    engines: {node: '>=12'}
    dependencies:
      cliui: 8.0.1
      escalade: 3.1.2
      get-caller-file: 2.0.5
      require-directory: 2.1.1
      string-width: 4.2.3
      y18n: 5.0.8
      yargs-parser: 21.1.1
    dev: false
